
Microsoft Visual Studio Solution File, Format Version 12.00
# Visual Studio Version 17
VisualStudioVersion = 17.4.33103.184
MinimumVisualStudioVersion = 10.0.40219.1
Project("{9A19103F-16F7-4668-BE54-9A1E7A4F7556}") = "WordQuiz", "WordQuiz\WordQuiz.csproj", "{6396A60F-31BF-40A6-90E9-D8B82BCB5F6A}"
EndProject
Global
	GlobalSection(SolutionConfigurationPlatforms) = preSolution
		Debug|Any CPU = Debug|Any CPU
		Release|Any CPU = Release|Any CPU
	EndGlobalSection
	GlobalSection(ProjectConfigurationPlatforms) = postSolution
		{6396A60F-31BF-40A6-90E9-D8B82BCB5F6A}.Debug|Any CPU.ActiveCfg = Debug|Any CPU
		{6396A60F-31BF-40A6-90E9-D8B82BCB5F6A}.Debug|Any CPU.Build.0 = Debug|Any CPU
		{6396A60F-31BF-40A6-90E9-D8B82BCB5F6A}.Release|Any CPU.ActiveCfg = Release|Any CPU
		{6396A60F-31BF-40A6-90E9-D8B82BCB5F6A}.Release|Any CPU.Build.0 = Release|Any CPU
	EndGlobalSection
	GlobalSection(SolutionProperties) = preSolution
		HideSolutionNode = FALSE
	EndGlobalSection
	GlobalSection(ExtensibilityGlobals) = postSolution
		SolutionGuid = {7AD25B04-6DDB-4DBF-B4D4-6C7FBCEBC154}
	EndGlobalSection
EndGlobal
